
Microsoft Visual Studio Solution File, Format Version 12.00
Project("{FAE04EC0-301F-11D3-BF4B-00C04F79EFBC}") = "WPF_MVVM_Demo.App", "WPF_MVVM_Demo.App\WPF_MVVM_Demo.App.csproj", "{69F866CA-5178-462F-87AD-1B73358AD394}"
EndProject
Global
	GlobalSection(SolutionConfigurationPlatforms) = preSolution
		Debug|Any CPU = Debug|Any CPU
		Release|Any CPU = Release|Any CPU
	EndGlobalSection
	GlobalSection(ProjectConfigurationPlatforms) = postSolution
		{69F866CA-5178-462F-87AD-1B73358AD394}.Debug|Any CPU.ActiveCfg = Debug|Any CPU
		{69F866CA-5178-462F-87AD-1B73358AD394}.Debug|Any CPU.Build.0 = Debug|Any CPU
		{69F866CA-5178-462F-87AD-1B73358AD394}.Release|Any CPU.ActiveCfg = Release|Any CPU
		{69F866CA-5178-462F-87AD-1B73358AD394}.Release|Any CPU.Build.0 = Release|Any CPU
	EndGlobalSection
EndGlobal
